// !$*UTF8*$!
{
	archiveVersion = 1;
	classes = {
	};
	objectVersion = 50;
	objects = {

/* Begin PBXBuildFile section */
		FBF97C5F22BC3AB400EEB77C /* main.swift in Sources */ = {isa = PBXBuildFile; fileRef = FBF97C5E22BC3AB400EEB77C /* main.swift */; };
		FBF97C6622BC41D900EEB77C /* Customer.swift in Sources */ = {isa = PBXBuildFile; fileRef = FBF97C6522BC41D900EEB77C /* Customer.swift */; };
		FBF97C6822BC428A00EEB77C /* Bill.swift in Sources */ = {isa = PBXBuildFile; fileRef = FBF97C6722BC428A00EEB77C /* Bill.swift */; };
		FBF97C6A22BC429F00EEB77C /* Internet.swift in Sources */ = {isa = PBXBuildFile; fileRef = FBF97C6922BC429F00EEB77C /* Internet.swift */; };
		FBF97C6C22BC42AE00EEB77C /* Mobile.swift in Sources */ = {isa = PBXBuildFile; fileRef = FBF97C6B22BC42AE00EEB77C /* Mobile.swift */; };
		FBF97C6E22BC42C500EEB77C /* Hydro.swift in Sources */ = {isa = PBXBuildFile; fileRef = FBF97C6D22BC42C500EEB77C /* Hydro.swift */; };
		FBF97C7022BC42DA00EEB77C /* IDisplay.swift in Sources */ = {isa = PBXBuildFile; fileRef = FBF97C6F22BC42DA00EEB77C /* IDisplay.swift */; };
		FBF97C7522BC4A1D00EEB77C /* Dollar.swift in Sources */ = {isa = PBXBuildFile; fileRef = FBF97C7422BC4A1D00EEB77C /* Dollar.swift */; };
		FBF97C7722BC4A8000EEB77C /* Units.swift in Sources */ = {isa = PBXBuildFile; fileRef = FBF97C7622BC4A8000EEB77C /* Units.swift */; };
		FBF97C7922BC4ADB00EEB77C /* Gb.swift in Sources */ = {isa = PBXBuildFile; fileRef = FBF97C7822BC4ADB00EEB77C /* Gb.swift */; };
		FBF97C7B22BC4B2C00EEB77C /* Date.swift in Sources */ = {isa = PBXBuildFile; fileRef = FBF97C7A22BC4B2C00EEB77C /* Date.swift */; };
/* End PBXBuildFile section */

/* Begin PBXCopyFilesBuildPhase section */
		FBF97C5922BC3AB400EEB77C /* CopyFiles */ = {
			isa = PBXCopyFilesBuildPhase;
			buildActionMask = 2147483647;
			dstPath = /usr/share/man/man1/;
			dstSubfolderSpec = 0;
			files = (
			);
			runOnlyForDeploymentPostprocessing = 1;
		};
/* End PBXCopyFilesBuildPhase section */

/* Begin PBXFileReference section */
		FBF97C5B22BC3AB400EEB77C /* C0752248_MID_TERM_MAD3004 */ = {isa = PBXFileReference; explicitFileType = "compiled.mach-o.executable"; includeInIndex = 0; path = C0752248_MID_TERM_MAD3004; sourceTree = BUILT_PRODUCTS_DIR; };
		FBF97C5E22BC3AB400EEB77C /* main.swift */ = {isa = PBXFileReference; lastKnownFileType = sourcecode.swift; path = main.swift; sourceTree = "<group>"; };
		FBF97C6522BC41D900EEB77C /* Customer.swift */ = {isa = PBXFileReference; lastKnownFileType = sourcecode.swift; path = Customer.swift; sourceTree = "<group>"; };
		FBF97C6722BC428A00EEB77C /* Bill.swift */ = {isa = PBXFileReference; lastKnownFileType = sourcecode.swift; path = Bill.swift; sourceTree = "<group>"; };
		FBF97C6922BC429F00EEB77C /* Internet.swift */ = {isa = PBXFileReference; lastKnownFileType = sourcecode.swift; path = Internet.swift; sourceTree = "<group>"; };
		FBF97C6B22BC42AE00EEB77C /* Mobile.swift */ = {isa = PBXFileReference; lastKnownFileType = sourcecode.swift; path = Mobile.swift; sourceTree = "<group>"; };
		FBF97C6D22BC42C500EEB77C /* Hydro.swift */ = {isa = PBXFileReference; lastKnownFileType = sourcecode.swift; path = Hydro.swift; sourceTree = "<group>"; };
		FBF97C6F22BC42DA00EEB77C /* IDisplay.swift */ = {isa = PBXFileReference; lastKnownFileType = sourcecode.swift; path = IDisplay.swift; sourceTree = "<group>"; };
		FBF97C7422BC4A1D00EEB77C /* Dollar.swift */ = {isa = PBXFileReference; lastKnownFileType = sourcecode.swift; path = Dollar.swift; sourceTree = "<group>"; };
		FBF97C7622BC4A8000EEB77C /* Units.swift */ = {isa = PBXFileReference; lastKnownFileType = sourcecode.swift; path = Units.swift; sourceTree = "<group>"; };
		FBF97C7822BC4ADB00EEB77C /* Gb.swift */ = {isa = PBXFileReference; lastKnownFileType = sourcecode.swift; path = Gb.swift; sourceTree = "<group>"; };
		FBF97C7A22BC4B2C00EEB77C /* Date.swift */ = {isa = PBXFileReference; lastKnownFileType = sourcecode.swift; path = Date.swift; sourceTree = "<group>"; };
/* End PBXFileReference section */

/* Begin PBXFrameworksBuildPhase section */
		FBF97C5822BC3AB400EEB77C /* Frameworks */ = {
			isa = PBXFrameworksBuildPhase;
			buildActionMask = 2147483647;
			files = (
			);
			runOnlyForDeploymentPostprocessing = 0;
		};
/* End PBXFrameworksBuildPhase section */

/* Begin PBXGroup section */
		FBF97C5222BC3AB400EEB77C = {
			isa = PBXGroup;
			children = (
				FBF97C5D22BC3AB400EEB77C /* C0752248_MID_TERM_MAD3004 */,
				FBF97C5C22BC3AB400EEB77C /* Products */,
			);
			sourceTree = "<group>";
		};
		FBF97C5C22BC3AB400EEB77C /* Products */ = {
			isa = PBXGroup;
			children = (
				FBF97C5B22BC3AB400EEB77C /* C0752248_MID_TERM_MAD3004 */,
			);
			name = Products;
			sourceTree = "<group>";
		};
		FBF97C5D22BC3AB400EEB77C /* C0752248_MID_TERM_MAD3004 */ = {
			isa = PBXGroup;
			children = (
				FBF97C7322BC4A0000EEB77C /* Extention */,
				FBF97C5E22BC3AB400EEB77C /* main.swift */,
				FBF97C6522BC41D900EEB77C /* Customer.swift */,
				FBF97C6722BC428A00EEB77C /* Bill.swift */,
				FBF97C6922BC429F00EEB77C /* Internet.swift */,
				FBF97C6B22BC42AE00EEB77C /* Mobile.swift */,
				FBF97C6D22BC42C500EEB77C /* Hydro.swift */,
				FBF97C6F22BC42DA00EEB77C /* IDisplay.swift */,
			);
			path = C0752248_MID_TERM_MAD3004;
			sourceTree = "<group>";
		};
		FBF97C7322BC4A0000EEB77C /* Extention */ = {
			isa = PBXGroup;
			children = (
				FBF97C7422BC4A1D00EEB77C /* Dollar.swift */,
				FBF97C7622BC4A8000EEB77C /* Units.swift */,
				FBF97C7822BC4ADB00EEB77C /* Gb.swift */,
				FBF97C7A22BC4B2C00EEB77C /* Date.swift */,
			);
			path = Extention;
			sourceTree = "<group>";
		};
/* End PBXGroup section */

/* Begin PBXNativeTarget section */
		FBF97C5A22BC3AB400EEB77C /* C0752248_MID_TERM_MAD3004 */ = {
			isa = PBXNativeTarget;
			buildConfigurationList = FBF97C6222BC3AB400EEB77C /* Build configuration list for PBXNativeTarget "C0752248_MID_TERM_MAD3004" */;
			buildPhases = (
				FBF97C5722BC3AB400EEB77C /* Sources */,
				FBF97C5822BC3AB400EEB77C /* Frameworks */,
				FBF97C5922BC3AB400EEB77C /* CopyFiles */,
			);
			buildRules = (
			);
			dependencies = (
			);
			name = C0752248_MID_TERM_MAD3004;
			productName = C0752248_MID_TERM_MAD3004;
			productReference = FBF97C5B22BC3AB400EEB77C /* C0752248_MID_TERM_MAD3004 */;
			productType = "com.apple.product-type.tool";
		};
/* End PBXNativeTarget section */

/* Begin PBXProject section */
		FBF97C5322BC3AB400EEB77C /* Project object */ = {
			isa = PBXProject;
			attributes = {
				LastSwiftUpdateCheck = 1020;
				LastUpgradeCheck = 1020;
				ORGANIZATIONNAME = hhh;
				TargetAttributes = {
					FBF97C5A22BC3AB400EEB77C = {
						CreatedOnToolsVersion = 10.2.1;
					};
				};
			};
			buildConfigurationList = FBF97C5622BC3AB400EEB77C /* Build configuration list for PBXProject "C0752248_MID_TERM_MAD3004" */;
			compatibilityVersion = "Xcode 9.3";
			developmentRegion = en;
			hasScannedForEncodings = 0;
			knownRegions = (
				en,
			);
			mainGroup = FBF97C5222BC3AB400EEB77C;
			productRefGroup = FBF97C5C22BC3AB400EEB77C /* Products */;
			projectDirPath = "";
			projectRoot = "";
			targets = (
				FBF97C5A22BC3AB400EEB77C /* C0752248_MID_TERM_MAD3004 */,
			);
		};
/* End PBXProject section */

/* Begin PBXSourcesBuildPhase section */
		FBF97C5722BC3AB400EEB77C /* Sources */ = {
			isa = PBXSourcesBuildPhase;
			buildActionMask = 2147483647;
			files = (
				FBF97C6C22BC42AE00EEB77C /* Mobile.swift in Sources */,
				FBF97C5F22BC3AB400EEB77C /* main.swift in Sources */,
				FBF97C6822BC428A00EEB77C /* Bill.swift in Sources */,
				FBF97C7022BC42DA00EEB77C /* IDisplay.swift in Sources */,
				FBF97C6A22BC429F00EEB77C /* Internet.swift in Sources */,
				FBF97C7522BC4A1D00EEB77C /* Dollar.swift in Sources */,
				FBF97C6E22BC42C500EEB77C /* Hydro.swift in Sources */,
				FBF97C7722BC4A8000EEB77C /* Units.swift in Sources */,
				FBF97C7B22BC4B2C00EEB77C /* Date.swift in Sources */,
				FBF97C7922BC4ADB00EEB77C /* Gb.swift in Sources */,
				FBF97C6622BC41D900EEB77C /* Customer.swift in Sources */,
			);
			runOnlyForDeploymentPostprocessing = 0;
		};
/* End PBXSourcesBuildPhase section */

/* Begin XCBuildConfiguration section */
		FBF97C6022BC3AB400EEB77C /* Debug */ = {
			isa = XCBuildConfiguration;
			buildSettings = {
				ALWAYS_SEARCH_USER_PATHS = NO;
				CLANG_ANALYZER_NONNULL = YES;
				CLANG_ANALYZER_NUMBER_OBJECT_CONVERSION = YES_AGGRESSIVE;
				CLANG_CXX_LANGUAGE_STANDARD = "gnu++14";
				CLANG_CXX_LIBRARY = "libc++";
				CLANG_ENABLE_MODULES = YES;
				CLANG_ENABLE_OBJC_ARC = YES;
				CLANG_ENABLE_OBJC_WEAK = YES;
				CLANG_WARN_BLOCK_CAPTURE_AUTORELEASING = YES;
				CLANG_WARN_BOOL_CONVERSION = YES;
				CLANG_WARN_COMMA = YES;
				CLANG_WARN_CONSTANT_CONVERSION = YES;
				CLANG_WARN_DEPRECATED_OBJC_IMPLEMENTATIONS = YES;
				CLANG_WARN_DIRECT_OBJC_ISA_USAGE = YES_ERROR;
				CLANG_WARN_DOCUMENTATION_COMMENTS = YES;
				CLANG_WARN_EMPTY_BODY = YES;
				CLANG_WARN_ENUM_CONVERSION = YES;
				CLANG_WARN_INFINITE_RECURSION = YES;
				CLANG_WARN_INT_CONVERSION = YES;
				CLANG_WARN_NON_LITERAL_NULL_CONVERSION = YES;
				CLANG_WARN_OBJC_IMPLICIT_RETAIN_SELF = YES;
				CLANG_WARN_OBJC_LITERAL_CONVERSION = YES;
				CLANG_WARN_OBJC_ROOT_CLASS = YES_ERROR;
				CLANG_WARN_RANGE_LOOP_ANALYSIS = YES;
				CLANG_WARN_STRICT_PROTOTYPES = YES;
				CLANG_WARN_SUSPICIOUS_MOVE = YES;
				CLANG_WARN_UNGUARDED_AVAILABILITY = YES_AGGRESSIVE;
				CLANG_WARN_UNREACHABLE_CODE = YES;
				CLANG_WARN__DUPLICATE_METHOD_MATCH = YES;
				CODE_SIGN_IDENTITY = "Mac Developer";
				COPY_PHASE_STRIP = NO;
				DEBUG_INFORMATION_FORMAT = dwarf;
				ENABLE_STRICT_OBJC_MSGSEND = YES;
				ENABLE_TESTABILITY = YES;
				GCC_C_LANGUAGE_STANDARD = gnu11;
				GCC_DYNAMIC_NO_PIC = NO;
				GCC_NO_COMMON_BLOCKS = YES;
				GCC_OPTIMIZATION_LEVEL = 0;
				GCC_PREPROCESSOR_DEFINITIONS = (
					"DEBUG=1",
					"$(inherited)",
				);
				GCC_WARN_64_TO_32_BIT_CONVERSION = YES;
				GCC_WARN_ABOUT_RETURN_TYPE = YES_ERROR;
				GCC_WARN_UNDECLARED_SELECTOR = YES;
				GCC_WARN_UNINITIALIZED_AUTOS = YES_AGGRESSIVE;
				GCC_WARN_UNUSED_FUNCTION = YES;
				GCC_WARN_UNUSED_VARIABLE = YES;
				MACOSX_DEPLOYMENT_TARGET = 10.14;
				MTL_ENABLE_DEBUG_INFO = INCLUDE_SOURCE;
				MTL_FAST_MATH = YES;
				ONLY_ACTIVE_ARCH = YES;
				SDKROOT = macosx;
				SWIFT_ACTIVE_COMPILATION_CONDITIONS = DEBUG;
				SWIFT_OPTIMIZATION_LEVEL = "-Onone";
			};
			name = Debug;
		};
		FBF97C6122BC3AB400EEB77C /* Release */ = {
			isa = XCBuildConfiguration;
			buildSettings = {
				ALWAYS_SEARCH_USER_PATHS = NO;
				CLANG_ANALYZER_NONNULL = YES;
				CLANG_ANALYZER_NUMBER_OBJECT_CONVERSION = YES_AGGRESSIVE;
				CLANG_CXX_LANGUAGE_STANDARD = "gnu++14";
				CLANG_CXX_LIBRARY = "libc++";
				CLANG_ENABLE_MODULES = YES;
				CLANG_ENABLE_OBJC_ARC = YES;
				CLANG_ENABLE_OBJC_WEAK = YES;
				CLANG_WARN_BLOCK_CAPTURE_AUTORELEASING = YES;
				CLANG_WARN_BOOL_CONVERSION = YES;
				CLANG_WARN_COMMA = YES;
				CLANG_WARN_CONSTANT_CONVERSION = YES;
				CLANG_WARN_DEPRECATED_OBJC_IMPLEMENTATIONS = YES;
				CLANG_WARN_DIRECT_OBJC_ISA_USAGE = YES_ERROR;
				CLANG_WARN_DOCUMENTATION_COMMENTS = YES;
				CLANG_WARN_EMPTY_BODY = YES;
				CLANG_WARN_ENUM_CONVERSION = YES;
				CLANG_WARN_INFINITE_RECURSION = YES;
				CLANG_WARN_INT_CONVERSION = YES;
				CLANG_WARN_NON_LITERAL_NULL_CONVERSION = YES;
				CLANG_WARN_OBJC_IMPLICIT_RETAIN_SELF = YES;
				CLANG_WARN_OBJC_LITERAL_CONVERSION = YES;
				CLANG_WARN_OBJC_ROOT_CLASS = YES_ERROR;
				CLANG_WARN_RANGE_LOOP_ANALYSIS = YES;
				CLANG_WARN_STRICT_PROTOTYPES = YES;
				CLANG_WARN_SUSPICIOUS_MOVE = YES;
				CLANG_WARN_UNGUARDED_AVAILABILITY = YES_AGGRESSIVE;
				CLANG_WARN_UNREACHABLE_CODE = YES;
				CLANG_WARN__DUPLICATE_METHOD_MATCH = YES;
				CODE_SIGN_IDENTITY = "Mac Developer";
				COPY_PHASE_STRIP = NO;
				DEBUG_INFORMATION_FORMAT = "dwarf-with-dsym";
				ENABLE_NS_ASSERTIONS = NO;
				ENABLE_STRICT_OBJC_MSGSEND = YES;
				GCC_C_LANGUAGE_STANDARD = gnu11;
				GCC_NO_COMMON_BLOCKS = YES;
				GCC_WARN_64_TO_32_BIT_CONVERSION = YES;
				GCC_WARN_ABOUT_RETURN_TYPE = YES_ERROR;
				GCC_WARN_UNDECLARED_SELECTOR = YES;
				GCC_WARN_UNINITIALIZED_AUTOS = YES_AGGRESSIVE;
				GCC_WARN_UNUSED_FUNCTION = YES;
				GCC_WARN_UNUSED_VARIABLE = YES;
				MACOSX_DEPLOYMENT_TARGET = 10.14;
				MTL_ENABLE_DEBUG_INFO = NO;
				MTL_FAST_MATH = YES;
				SDKROOT = macosx;
				SWIFT_COMPILATION_MODE = wholemodule;
				SWIFT_OPTIMIZATION_LEVEL = "-O";
			};
			name = Release;
		};
		FBF97C6322BC3AB400EEB77C /* Debug */ = {
			isa = XCBuildConfiguration;
			buildSettings = {
				CODE_SIGN_STYLE = Automatic;
				DEVELOPMENT_TEAM = WAW38RG3LM;
				PRODUCT_NAME = "$(TARGET_NAME)";
				SWIFT_VERSION = 5.0;
			};
			name = Debug;
		};
		FBF97C6422BC3AB400EEB77C /* Release */ = {
			isa = XCBuildConfiguration;
			buildSettings = {
				CODE_SIGN_STYLE = Automatic;
				DEVELOPMENT_TEAM = WAW38RG3LM;
				PRODUCT_NAME = "$(TARGET_NAME)";
				SWIFT_VERSION = 5.0;
			};
			name = Release;
		};
/* End XCBuildConfiguration section */

/* Begin XCConfigurationList section */
		FBF97C5622BC3AB400EEB77C /* Build configuration list for PBXProject "C0752248_MID_TERM_MAD3004" */ = {
			isa = XCConfigurationList;
			buildConfigurations = (
				FBF97C6022BC3AB400EEB77C /* Debug */,
				FBF97C6122BC3AB400EEB77C /* Release */,
			);
			defaultConfigurationIsVisible = 0;
			defaultConfigurationName = Release;
		};
		FBF97C6222BC3AB400EEB77C /* Build configuration list for PBXNativeTarget "C0752248_MID_TERM_MAD3004" */ = {
			isa = XCConfigurationList;
			buildConfigurations = (
				FBF97C6322BC3AB400EEB77C /* Debug */,
				FBF97C6422BC3AB400EEB77C /* Release */,
			);
			defaultConfigurationIsVisible = 0;
			defaultConfigurationName = Release;
		};
/* End XCConfigurationList section */
	};
	rootObject = FBF97C5322BC3AB400EEB77C /* Project object */;
}
